
Microsoft Visual Studio Solution File, Format Version 12.00
# Visual Studio Version 16
VisualStudioVersion = 16.0.30309.148
MinimumVisualStudioVersion = 10.0.40219.1
Project("{8BC9CEB8-8B4A-11D0-8D11-00A0C91BC942}") = "02052020", "02052020.vcxproj", "{299CD1C9-5474-4350-B97C-F33C01FE1A0A}"
EndProject
Global
	GlobalSection(SolutionConfigurationPlatforms) = preSolution
		Debug|x64 = Debug|x64
		Debug|x86 = Debug|x86
		Release|x64 = Release|x64
		Release|x86 = Release|x86
	EndGlobalSection
	GlobalSection(ProjectConfigurationPlatforms) = postSolution
		{299CD1C9-5474-4350-B97C-F33C01FE1A0A}.Debug|x64.ActiveCfg = Debug|x64
		{299CD1C9-5474-4350-B97C-F33C01FE1A0A}.Debug|x64.Build.0 = Debug|x64
		{299CD1C9-5474-4350-B97C-F33C01FE1A0A}.Debug|x86.ActiveCfg = Debug|Win32
		{299CD1C9-5474-4350-B97C-F33C01FE1A0A}.Debug|x86.Build.0 = Debug|Win32
		{299CD1C9-5474-4350-B97C-F33C01FE1A0A}.Release|x64.ActiveCfg = Release|x64
		{299CD1C9-5474-4350-B97C-F33C01FE1A0A}.Release|x64.Build.0 = Release|x64
		{299CD1C9-5474-4350-B97C-F33C01FE1A0A}.Release|x86.ActiveCfg = Release|Win32
		{299CD1C9-5474-4350-B97C-F33C01FE1A0A}.Release|x86.Build.0 = Release|Win32
	EndGlobalSection
	GlobalSection(SolutionProperties) = preSolution
		HideSolutionNode = FALSE
	EndGlobalSection
	GlobalSection(ExtensibilityGlobals) = postSolution
		SolutionGuid = {44CDEC18-9094-491F-AC9C-765E2F870530}
	EndGlobalSection
EndGlobal
